
Microsoft Visual Studio Solution File, Format Version 12.00
# Visual Studio Version 16
VisualStudioVersion = 16.0.34601.136
MinimumVisualStudioVersion = 10.0.40219.1
Project("{FAE04EC0-301F-11D3-BF4B-00C04F79EFBC}") = "BTL_HTDKN", "BTL_HTDKN\BTL_HTDKN.csproj", "{1C101A37-5697-4BA7-B87E-CC6E58623BED}"
EndProject
Global
	GlobalSection(SolutionConfigurationPlatforms) = preSolution
		Debug|Any CPU = Debug|Any CPU
		Release|Any CPU = Release|Any CPU
	EndGlobalSection
	GlobalSection(ProjectConfigurationPlatforms) = postSolution
		{1C101A37-5697-4BA7-B87E-CC6E58623BED}.Debug|Any CPU.ActiveCfg = Debug|Any CPU
		{1C101A37-5697-4BA7-B87E-CC6E58623BED}.Debug|Any CPU.Build.0 = Debug|Any CPU
		{1C101A37-5697-4BA7-B87E-CC6E58623BED}.Release|Any CPU.ActiveCfg = Release|Any CPU
		{1C101A37-5697-4BA7-B87E-CC6E58623BED}.Release|Any CPU.Build.0 = Release|Any CPU
	EndGlobalSection
	GlobalSection(SolutionProperties) = preSolution
		HideSolutionNode = FALSE
	EndGlobalSection
	GlobalSection(ExtensibilityGlobals) = postSolution
		SolutionGuid = {CAE065AB-BC21-4F70-9C38-96B0ACFCE609}
	EndGlobalSection
EndGlobal
